
Microsoft Visual Studio Solution File, Format Version 12.00
# Visual Studio Version 17
VisualStudioVersion = 17.12.35514.174
MinimumVisualStudioVersion = 10.0.40219.1
Project("{FAE04EC0-301F-11D3-BF4B-00C04F79EFBC}") = "ECommerce.Api", "ECommerce.Api\ECommerce.Api.csproj", "{E486113E-EE30-4DF5-BBC3-145A215B0CE3}"
EndProject
Project("{FAE04EC0-301F-11D3-BF4B-00C04F79EFBC}") = "ECommerce.Application", "ECommerce.Application\ECommerce.Application.csproj", "{8D2F4311-6677-4D25-9012-88F68EB51FED}"
EndProject
Project("{FAE04EC0-301F-11D3-BF4B-00C04F79EFBC}") = "ECommerce.Domain", "ECommerce.Domain\ECommerce.Domain.csproj", "{A1950A6E-5D50-4C72-A864-6267FA5FDC28}"
EndProject
Project("{FAE04EC0-301F-11D3-BF4B-00C04F79EFBC}") = "ECommerce.Infrastructure", "ECommerce.Infrastructure\ECommerce.Infrastructure.csproj", "{32A45D8D-5F49-4C85-A971-D58832B0451D}"
EndProject
Project("{FAE04EC0-301F-11D3-BF4B-00C04F79EFBC}") = "ECommerce.TestDataGenerator", "ECommerce.TestDataGenerator\ECommerce.TestDataGenerator.csproj", "{561262C9-2FE6-468A-95F4-5F86A4F2FAF0}"
EndProject
Global
	GlobalSection(SolutionConfigurationPlatforms) = preSolution
		Debug|Any CPU = Debug|Any CPU
		Debug|x64 = Debug|x64
		Debug|x86 = Debug|x86
		Release|Any CPU = Release|Any CPU
		Release|x64 = Release|x64
		Release|x86 = Release|x86
	EndGlobalSection
	GlobalSection(ProjectConfigurationPlatforms) = postSolution
		{E486113E-EE30-4DF5-BBC3-145A215B0CE3}.Debug|Any CPU.ActiveCfg = Debug|Any CPU
		{E486113E-EE30-4DF5-BBC3-145A215B0CE3}.Debug|Any CPU.Build.0 = Debug|Any CPU
		{E486113E-EE30-4DF5-BBC3-145A215B0CE3}.Debug|x64.ActiveCfg = Debug|Any CPU
		{E486113E-EE30-4DF5-BBC3-145A215B0CE3}.Debug|x64.Build.0 = Debug|Any CPU
		{E486113E-EE30-4DF5-BBC3-145A215B0CE3}.Debug|x86.ActiveCfg = Debug|Any CPU
		{E486113E-EE30-4DF5-BBC3-145A215B0CE3}.Debug|x86.Build.0 = Debug|Any CPU
		{E486113E-EE30-4DF5-BBC3-145A215B0CE3}.Release|Any CPU.ActiveCfg = Release|Any CPU
		{E486113E-EE30-4DF5-BBC3-145A215B0CE3}.Release|Any CPU.Build.0 = Release|Any CPU
		{E486113E-EE30-4DF5-BBC3-145A215B0CE3}.Release|x64.ActiveCfg = Release|Any CPU
		{E486113E-EE30-4DF5-BBC3-145A215B0CE3}.Release|x64.Build.0 = Release|Any CPU
		{E486113E-EE30-4DF5-BBC3-145A215B0CE3}.Release|x86.ActiveCfg = Release|Any CPU
		{E486113E-EE30-4DF5-BBC3-145A215B0CE3}.Release|x86.Build.0 = Release|Any CPU
		{8D2F4311-6677-4D25-9012-88F68EB51FED}.Debug|Any CPU.ActiveCfg = Debug|Any CPU
		{8D2F4311-6677-4D25-9012-88F68EB51FED}.Debug|Any CPU.Build.0 = Debug|Any CPU
		{8D2F4311-6677-4D25-9012-88F68EB51FED}.Debug|x64.ActiveCfg = Debug|Any CPU
		{8D2F4311-6677-4D25-9012-88F68EB51FED}.Debug|x64.Build.0 = Debug|Any CPU
		{8D2F4311-6677-4D25-9012-88F68EB51FED}.Debug|x86.ActiveCfg = Debug|Any CPU
		{8D2F4311-6677-4D25-9012-88F68EB51FED}.Debug|x86.Build.0 = Debug|Any CPU
		{8D2F4311-6677-4D25-9012-88F68EB51FED}.Release|Any CPU.ActiveCfg = Release|Any CPU
		{8D2F4311-6677-4D25-9012-88F68EB51FED}.Release|Any CPU.Build.0 = Release|Any CPU
		{8D2F4311-6677-4D25-9012-88F68EB51FED}.Release|x64.ActiveCfg = Release|Any CPU
		{8D2F4311-6677-4D25-9012-88F68EB51FED}.Release|x64.Build.0 = Release|Any CPU
		{8D2F4311-6677-4D25-9012-88F68EB51FED}.Release|x86.ActiveCfg = Release|Any CPU
		{8D2F4311-6677-4D25-9012-88F68EB51FED}.Release|x86.Build.0 = Release|Any CPU
		{A1950A6E-5D50-4C72-A864-6267FA5FDC28}.Debug|Any CPU.ActiveCfg = Debug|Any CPU
		{A1950A6E-5D50-4C72-A864-6267FA5FDC28}.Debug|Any CPU.Build.0 = Debug|Any CPU
		{A1950A6E-5D50-4C72-A864-6267FA5FDC28}.Debug|x64.ActiveCfg = Debug|Any CPU
		{A1950A6E-5D50-4C72-A864-6267FA5FDC28}.Debug|x64.Build.0 = Debug|Any CPU
		{A1950A6E-5D50-4C72-A864-6267FA5FDC28}.Debug|x86.ActiveCfg = Debug|Any CPU
		{A1950A6E-5D50-4C72-A864-6267FA5FDC28}.Debug|x86.Build.0 = Debug|Any CPU
		{A1950A6E-5D50-4C72-A864-6267FA5FDC28}.Release|Any CPU.ActiveCfg = Release|Any CPU
		{A1950A6E-5D50-4C72-A864-6267FA5FDC28}.Release|Any CPU.Build.0 = Release|Any CPU
		{A1950A6E-5D50-4C72-A864-6267FA5FDC28}.Release|x64.ActiveCfg = Release|Any CPU
		{A1950A6E-5D50-4C72-A864-6267FA5FDC28}.Release|x64.Build.0 = Release|Any CPU
		{A1950A6E-5D50-4C72-A864-6267FA5FDC28}.Release|x86.ActiveCfg = Release|Any CPU
		{A1950A6E-5D50-4C72-A864-6267FA5FDC28}.Release|x86.Build.0 = Release|Any CPU
		{32A45D8D-5F49-4C85-A971-D58832B0451D}.Debug|Any CPU.ActiveCfg = Debug|Any CPU
		{32A45D8D-5F49-4C85-A971-D58832B0451D}.Debug|Any CPU.Build.0 = Debug|Any CPU
		{32A45D8D-5F49-4C85-A971-D58832B0451D}.Debug|x64.ActiveCfg = Debug|Any CPU
		{32A45D8D-5F49-4C85-A971-D58832B0451D}.Debug|x64.Build.0 = Debug|Any CPU
		{32A45D8D-5F49-4C85-A971-D58832B0451D}.Debug|x86.ActiveCfg = Debug|Any CPU
		{32A45D8D-5F49-4C85-A971-D58832B0451D}.Debug|x86.Build.0 = Debug|Any CPU
		{32A45D8D-5F49-4C85-A971-D58832B0451D}.Release|Any CPU.ActiveCfg = Release|Any CPU
		{32A45D8D-5F49-4C85-A971-D58832B0451D}.Release|Any CPU.Build.0 = Release|Any CPU
		{32A45D8D-5F49-4C85-A971-D58832B0451D}.Release|x64.ActiveCfg = Release|Any CPU
		{32A45D8D-5F49-4C85-A971-D58832B0451D}.Release|x64.Build.0 = Release|Any CPU
		{32A45D8D-5F49-4C85-A971-D58832B0451D}.Release|x86.ActiveCfg = Release|Any CPU
		{32A45D8D-5F49-4C85-A971-D58832B0451D}.Release|x86.Build.0 = Release|Any CPU
		{561262C9-2FE6-468A-95F4-5F86A4F2FAF0}.Debug|Any CPU.ActiveCfg = Debug|Any CPU
		{561262C9-2FE6-468A-95F4-5F86A4F2FAF0}.Debug|Any CPU.Build.0 = Debug|Any CPU
		{561262C9-2FE6-468A-95F4-5F86A4F2FAF0}.Debug|x64.ActiveCfg = Debug|Any CPU
		{561262C9-2FE6-468A-95F4-5F86A4F2FAF0}.Debug|x64.Build.0 = Debug|Any CPU
		{561262C9-2FE6-468A-95F4-5F86A4F2FAF0}.Debug|x86.ActiveCfg = Debug|Any CPU
		{561262C9-2FE6-468A-95F4-5F86A4F2FAF0}.Debug|x86.Build.0 = Debug|Any CPU
		{561262C9-2FE6-468A-95F4-5F86A4F2FAF0}.Release|Any CPU.ActiveCfg = Release|Any CPU
		{561262C9-2FE6-468A-95F4-5F86A4F2FAF0}.Release|Any CPU.Build.0 = Release|Any CPU
		{561262C9-2FE6-468A-95F4-5F86A4F2FAF0}.Release|x64.ActiveCfg = Release|Any CPU
		{561262C9-2FE6-468A-95F4-5F86A4F2FAF0}.Release|x64.Build.0 = Release|Any CPU
		{561262C9-2FE6-468A-95F4-5F86A4F2FAF0}.Release|x86.ActiveCfg = Release|Any CPU
		{561262C9-2FE6-468A-95F4-5F86A4F2FAF0}.Release|x86.Build.0 = Release|Any CPU
	EndGlobalSection
	GlobalSection(SolutionProperties) = preSolution
		HideSolutionNode = FALSE
	EndGlobalSection
EndGlobal
